# This file is automatically @generated by Cargo.
# It is not intended for manual editing.
version = 4

[[package]]
name = "limine"
version = "0.1.0"

[[package]]
name = "tvm"
version = "0.1.0"

[[package]]
name = "tvm-aarch64"
version = "0.1.0"

[[package]]
name = "tvm-aarch64-virt"
version = "0.1.0"

[[package]]
name = "tvm-loader"
version = "0.1.0"

[[package]]
name = "tvm-loader-aarch64"
version = "0.1.0"

[[package]]
name = "tvm-loader-aarch64-limine"
version = "0.1.0"

[[package]]
name = "tvm-loader-x86_64"
version = "0.1.0"

[[package]]
name = "tvm-loader-x86_64-limine"
version = "0.1.0"

[[package]]
name = "tvm-x86_64"
version = "0.1.0"

[[package]]
name = "tvm-x86_64-pc"
version = "0.1.0"
