# This file is automatically @generated by Cargo.
# It is not intended for manual editing.
version = 4

[[package]]
name = "boot-info"
version = "0.1.0"

[[package]]
name = "concurrency"
version = "0.1.0"

[[package]]
name = "elf"
version = "0.1.0"

[[package]]
name = "font"
version = "0.1.0"

[[package]]
name = "font-converter"
version = "0.1.0"
dependencies = [
 "font",
 "simple-psf",
]

[[package]]
name = "simple-psf"
version = "0.1.2"
source = "registry+https://github.com/rust-lang/crates.io-index"
checksum = "8dfb5d24f130ce16dd7e608140773454eb92d69191c258e8af9d811bcab03f1d"

[[package]]
name = "tvm_loader"
version = "0.1.0"
dependencies = [
 "elf",
 "font",
]

[[package]]
name = "tvm_loader-uefi"
version = "0.1.0"
dependencies = [
 "concurrency",
 "tvm_loader",
 "uefi",
]

[[package]]
name = "tvm_loader-x86-common"
version = "0.1.0"
dependencies = [
 "tvm_loader",
 "x86-common",
]

[[package]]
name = "tvm_loader-x86_64"
version = "0.1.0"
dependencies = [
 "tvm_loader",
 "tvm_loader-x86-common",
 "x86-common",
]

[[package]]
name = "uefi"
version = "0.1.0"

[[package]]
name = "x86-common"
version = "0.1.0"
